
Microsoft Visual Studio Solution File, Format Version 12.00
# Visual Studio Version 17
VisualStudioVersion = 17.14.36401.2 d17.14
MinimumVisualStudioVersion = 10.0.40219.1
Project("{9A19103F-16F7-4668-BE54-9A1E7A4F7556}") = "SysLog.Host", "SysLog.Host\SysLog.Host.csproj", "{69A0B6DD-FA24-4FF4-893A-40DF502322B4}"
EndProject
Project("{9A19103F-16F7-4668-BE54-9A1E7A4F7556}") = "SysLog.Application", "SysLog.Application\SysLog.Application.csproj", "{3AB881E4-D1F7-41E0-B0F5-3C24892E03AB}"
EndProject
Project("{9A19103F-16F7-4668-BE54-9A1E7A4F7556}") = "SysLog.Domain", "SysLog.Domain\SysLog.Domain.csproj", "{3D7F7528-3FDF-4FC2-8E73-5F75D7400F91}"
EndProject
Project("{9A19103F-16F7-4668-BE54-9A1E7A4F7556}") = "SysLog.HttpService", "SysLog.HttpService\SysLog.HttpService.csproj", "{F3AC98CA-3A95-4F84-BD4B-5438A800298C}"
EndProject
Project("{9A19103F-16F7-4668-BE54-9A1E7A4F7556}") = "SysLog.Public", "SysLog.Public\SysLog.Public.csproj", "{750A39D3-121A-4446-9EF5-229252F96BF4}"
EndProject
Project("{9A19103F-16F7-4668-BE54-9A1E7A4F7556}") = "SysLog.Repository", "SysLog.Repository\SysLog.Repository.csproj", "{834B085A-616E-439A-8F8B-C2DE936FAB7A}"
EndProject
Global
	GlobalSection(SolutionConfigurationPlatforms) = preSolution
		Debug|Any CPU = Debug|Any CPU
		Release|Any CPU = Release|Any CPU
	EndGlobalSection
	GlobalSection(ProjectConfigurationPlatforms) = postSolution
		{69A0B6DD-FA24-4FF4-893A-40DF502322B4}.Debug|Any CPU.ActiveCfg = Debug|Any CPU
		{69A0B6DD-FA24-4FF4-893A-40DF502322B4}.Debug|Any CPU.Build.0 = Debug|Any CPU
		{69A0B6DD-FA24-4FF4-893A-40DF502322B4}.Release|Any CPU.ActiveCfg = Release|Any CPU
		{69A0B6DD-FA24-4FF4-893A-40DF502322B4}.Release|Any CPU.Build.0 = Release|Any CPU
		{3AB881E4-D1F7-41E0-B0F5-3C24892E03AB}.Debug|Any CPU.ActiveCfg = Debug|Any CPU
		{3AB881E4-D1F7-41E0-B0F5-3C24892E03AB}.Debug|Any CPU.Build.0 = Debug|Any CPU
		{3AB881E4-D1F7-41E0-B0F5-3C24892E03AB}.Release|Any CPU.ActiveCfg = Release|Any CPU
		{3AB881E4-D1F7-41E0-B0F5-3C24892E03AB}.Release|Any CPU.Build.0 = Release|Any CPU
		{3D7F7528-3FDF-4FC2-8E73-5F75D7400F91}.Debug|Any CPU.ActiveCfg = Debug|Any CPU
		{3D7F7528-3FDF-4FC2-8E73-5F75D7400F91}.Debug|Any CPU.Build.0 = Debug|Any CPU
		{3D7F7528-3FDF-4FC2-8E73-5F75D7400F91}.Release|Any CPU.ActiveCfg = Release|Any CPU
		{3D7F7528-3FDF-4FC2-8E73-5F75D7400F91}.Release|Any CPU.Build.0 = Release|Any CPU
		{F3AC98CA-3A95-4F84-BD4B-5438A800298C}.Debug|Any CPU.ActiveCfg = Debug|Any CPU
		{F3AC98CA-3A95-4F84-BD4B-5438A800298C}.Debug|Any CPU.Build.0 = Debug|Any CPU
		{F3AC98CA-3A95-4F84-BD4B-5438A800298C}.Release|Any CPU.ActiveCfg = Release|Any CPU
		{F3AC98CA-3A95-4F84-BD4B-5438A800298C}.Release|Any CPU.Build.0 = Release|Any CPU
		{750A39D3-121A-4446-9EF5-229252F96BF4}.Debug|Any CPU.ActiveCfg = Debug|Any CPU
		{750A39D3-121A-4446-9EF5-229252F96BF4}.Debug|Any CPU.Build.0 = Debug|Any CPU
		{750A39D3-121A-4446-9EF5-229252F96BF4}.Release|Any CPU.ActiveCfg = Release|Any CPU
		{750A39D3-121A-4446-9EF5-229252F96BF4}.Release|Any CPU.Build.0 = Release|Any CPU
		{834B085A-616E-439A-8F8B-C2DE936FAB7A}.Debug|Any CPU.ActiveCfg = Debug|Any CPU
		{834B085A-616E-439A-8F8B-C2DE936FAB7A}.Debug|Any CPU.Build.0 = Debug|Any CPU
		{834B085A-616E-439A-8F8B-C2DE936FAB7A}.Release|Any CPU.ActiveCfg = Release|Any CPU
		{834B085A-616E-439A-8F8B-C2DE936FAB7A}.Release|Any CPU.Build.0 = Release|Any CPU
	EndGlobalSection
	GlobalSection(SolutionProperties) = preSolution
		HideSolutionNode = FALSE
	EndGlobalSection
	GlobalSection(ExtensibilityGlobals) = postSolution
		SolutionGuid = {66292163-8421-42E8-81A4-A13A27E39FED}
	EndGlobalSection
EndGlobal
